github.com/SwanHtetAungPhyo/Scache v0.0.0-20241013145512-b43b3e06f25e h1:b4Rg6SR8uN9q27QIhNW0Lh8N5mb4N5U+IdjfQd+FD20=
github.com/SwanHtetAungPhyo/Scache v0.0.0-20241013145512-b43b3e06f25e/go.mod h1:AMGwlY0wfSmurauSTUXdEkAKF8YYevKyGbH8tGz3x2g=
github.com/SwanHtetAungPhyo/Scache v0.0.0-20241013151503-cbc230075148 h1:vVh4GhfKl6JZTW2DuO6mOqeX2kLVKkpVZOjTGW/WK1U=
github.com/SwanHtetAungPhyo/Scache v0.0.0-20241013151503-cbc230075148/go.mod h1:AMGwlY0wfSmurauSTUXdEkAKF8YYevKyGbH8tGz3x2g=
