github.com/SwanHtetAungPhyo/Scache v0.0.0-20241012235948-d04a239d5693 h1:FdTq6qzXxizwNPm82mbyj/bIWoemgmUz7Dv+OY5TWww=
github.com/SwanHtetAungPhyo/Scache v0.0.0-20241012235948-d04a239d5693/go.mod h1:Gf89uWRPa8M2xCKNcKDz9v3JGFEyVbyvdxJSZtUaXCg=
github.com/swanhtetaungphyo/Scache v0.0.0-20241012235413-f46a830aadc2 h1:8/wOQiQpRWI6qGeF9LdImHBUAhun0Sm9bPtMIvy10WA=
github.com/swanhtetaungphyo/Scache v0.0.0-20241012235413-f46a830aadc2/go.mod h1:o0vG5yEE09AeMCVbkG+FCzVK9uUvrfw5RUc6Wz+PdzE=
